
Microsoft Visual Studio Solution File, Format Version 11.00
# Visual Studio 2010
Project("{8BC9CEB8-8B4A-11D0-8D11-00A0C91BC942}") = "SKT", "SKT\SKT.vcxproj", "{FB39AC42-6C17-40F6-B01D-224167CAA590}"
EndProject
Global
	GlobalSection(SolutionConfigurationPlatforms) = preSolution
		Debug|Win32 = Debug|Win32
		Release|Win32 = Release|Win32
	EndGlobalSection
	GlobalSection(ProjectConfigurationPlatforms) = postSolution
		{FB39AC42-6C17-40F6-B01D-224167CAA590}.Debug|Win32.ActiveCfg = Debug|Win32
		{FB39AC42-6C17-40F6-B01D-224167CAA590}.Debug|Win32.Build.0 = Debug|Win32
		{FB39AC42-6C17-40F6-B01D-224167CAA590}.Release|Win32.ActiveCfg = Release|Win32
		{FB39AC42-6C17-40F6-B01D-224167CAA590}.Release|Win32.Build.0 = Release|Win32
	EndGlobalSection
	GlobalSection(SolutionProperties) = preSolution
		HideSolutionNode = FALSE
	EndGlobalSection
EndGlobal
