<?xml version="1.0" encoding="utf-8"?>
<Project ToolsVersion="4.0" xmlns="http://schemas.microsoft.com/developer/msbuild/2003">
  <ItemGroup>
    <Filter Include="Source Files">
      <UniqueIdentifier>{4FC737F1-C7A5-4376-A066-2A32D752A2FF}</UniqueIdentifier>
      <Extensions>cpp;c;cc;cxx;def;odl;idl;hpj;bat;asm;asmx</Extensions>
    </Filter>
    <Filter Include="Header Files">
      <UniqueIdentifier>{93995380-89BD-4b04-88EB-625FBE52EBFB}</UniqueIdentifier>
      <Extensions>h;hpp;hxx;hm;inl;inc;xsd</Extensions>
    </Filter>
    <Filter Include="Resource Files">
      <UniqueIdentifier>{67DA6AB6-F800-4c08-8B7A-83BB121AAD01}</UniqueIdentifier>
      <Extensions>rc;ico;cur;bmp;dlg;rc2;rct;bin;rgs;gif;jpg;jpeg;jpe;resx;tiff;tif;png;wav;mfcribbon-ms</Extensions>
    </Filter>
    <Filter Include="Generated Files">
      <UniqueIdentifier>{71ED8ED8-ACB9-4CE9-BBE1-E00B30144E11}</UniqueIdentifier>
      <Extensions>moc;h;cpp</Extensions>
      <ParseFiles>true</ParseFiles>
    </Filter>
    <Filter Include="Generated Files\Debug">
      <UniqueIdentifier>{236b2606-860a-49c2-819b-06cd1f0c7059}</UniqueIdentifier>
      <Extensions>cpp;moc</Extensions>
      <SourceControlFiles>False</SourceControlFiles>
    </Filter>
    <Filter Include="Generated Files\Release">
      <UniqueIdentifier>{4e960c90-d8bc-4949-bcd7-1a44686fdfb2}</UniqueIdentifier>
      <Extensions>cpp;moc</Extensions>
      <SourceControlFiles>False</SourceControlFiles>
    </Filter>
    <Filter Include="Form Files">
      <UniqueIdentifier>{99349809-55BA-4b9d-BF79-8FDBB0286EB3}</UniqueIdentifier>
      <Extensions>ui</Extensions>
      <ParseFiles>true</ParseFiles>
    </Filter>
  </ItemGroup>
  <ItemGroup>
    <None Include="ReadMe.txt" />
  </ItemGroup>
  <ItemGroup>
    <ClInclude Include="stdafx.h">
      <Filter>Header Files</Filter>
    </ClInclude>
    <ClInclude Include="targetver.h">
      <Filter>Header Files</Filter>
    </ClInclude>
    <ClInclude Include="backmethod.h">
      <Filter>Header Files</Filter>
    </ClInclude>
    <ClInclude Include="blobmapper.h">
      <Filter>Header Files</Filter>
    </ClInclude>
    <ClInclude Include="calibrator.h">
      <Filter>Header Files</Filter>
    </ClInclude>
    <ClInclude Include="mouseactions.h">
      <Filter>Header Files</Filter>
    </ClInclude>
    <ClInclude Include="virtualplane.h">
      <Filter>Header Files</Filter>
    </ClInclude>
    <ClInclude Include="include\oscpack\ip\PacketListener.h">
      <Filter>Header Files</Filter>
    </ClInclude>
    <ClInclude Include="include\oscpack\ip\TimerListener.h">
      <Filter>Header Files</Filter>
    </ClInclude>
    <ClInclude Include="include\oscpack\osc\MessageMappingOscPacketListener.h">
      <Filter>Header Files</Filter>
    </ClInclude>
    <ClInclude Include="include\tinyXML\tinystr.h">
      <Filter>Header Files</Filter>
    </ClInclude>
    <ClInclude Include="include\tinyXML\tinyxml.h">
      <Filter>Header Files</Filter>
    </ClInclude>
    <ClInclude Include="include\oscpack\ip\IpEndpointName.h">
      <Filter>Header Files</Filter>
    </ClInclude>
    <ClInclude Include="include\oscpack\ip\NetworkingUtils.h">
      <Filter>Header Files</Filter>
    </ClInclude>
    <ClInclude Include="include\oscpack\ip\UdpSocket.h">
      <Filter>Header Files</Filter>
    </ClInclude>
    <ClInclude Include="include\oscpack\osc\OscException.h">
      <Filter>Header Files</Filter>
    </ClInclude>
    <ClInclude Include="include\oscpack\osc\OscHostEndianness.h">
      <Filter>Header Files</Filter>
    </ClInclude>
    <ClInclude Include="include\oscpack\osc\OscOutboundPacketStream.h">
      <Filter>Header Files</Filter>
    </ClInclude>
    <ClInclude Include="include\oscpack\osc\OscPacketListener.h">
      <Filter>Header Files</Filter>
    </ClInclude>
    <ClInclude Include="include\oscpack\osc\OscPrintReceivedElements.h">
      <Filter>Header Files</Filter>
    </ClInclude>
    <ClInclude Include="include\oscpack\osc\OscReceivedElements.h">
      <Filter>Header Files</Filter>
    </ClInclude>
    <ClInclude Include="include\oscpack\osc\OscTypes.h">
      <Filter>Header Files</Filter>
    </ClInclude>
    <ClInclude Include="include\TUIO\TuioClient.h">
      <Filter>Header Files</Filter>
    </ClInclude>
    <ClInclude Include="include\TUIO\TuioContainer.h">
      <Filter>Header Files</Filter>
    </ClInclude>
    <ClInclude Include="include\TUIO\TuioCursor.h">
      <Filter>Header Files</Filter>
    </ClInclude>
    <ClInclude Include="include\TUIO\TuioListener.h">
      <Filter>Header Files</Filter>
    </ClInclude>
    <ClInclude Include="include\TUIO\TuioObject.h">
      <Filter>Header Files</Filter>
    </ClInclude>
    <ClInclude Include="include\TUIO\TuioPoint.h">
      <Filter>Header Files</Filter>
    </ClInclude>
    <ClInclude Include="include\TUIO\TuioServer.h">
      <Filter>Header Files</Filter>
    </ClInclude>
    <ClInclude Include="include\TUIO\TuioTime.h">
      <Filter>Header Files</Filter>
    </ClInclude>
    <ClInclude Include="ransacfit.h">
      <Filter>Header Files</Filter>
    </ClInclude>
    <ClInclude Include="GeneratedFiles\ui_mainwindow.h">
      <Filter>Generated Files</Filter>
    </ClInclude>
  </ItemGroup>
  <ItemGroup>
    <ClCompile Include="stdafx.cpp">
      <Filter>Source Files</Filter>
    </ClCompile>
    <ClCompile Include="SKT.cpp">
      <Filter>Source Files</Filter>
    </ClCompile>
    <ClCompile Include="backmethod.cpp">
      <Filter>Source Files</Filter>
    </ClCompile>
    <ClCompile Include="blobmapper.cpp">
      <Filter>Source Files</Filter>
    </ClCompile>
    <ClCompile Include="calibrator.cpp">
      <Filter>Source Files</Filter>
    </ClCompile>
    <ClCompile Include="mouseactions.cpp">
      <Filter>Source Files</Filter>
    </ClCompile>
    <ClCompile Include="virtualplane.cpp">
      <Filter>Source Files</Filter>
    </ClCompile>
    <ClCompile Include="include\tinyXML\tinystr.cpp">
      <Filter>Source Files</Filter>
    </ClCompile>
    <ClCompile Include="include\tinyXML\tinyxml.cpp">
      <Filter>Source Files</Filter>
    </ClCompile>
    <ClCompile Include="include\tinyXML\tinyxmlerror.cpp">
      <Filter>Source Files</Filter>
    </ClCompile>
    <ClCompile Include="include\tinyXML\tinyxmlparser.cpp">
      <Filter>Source Files</Filter>
    </ClCompile>
    <ClCompile Include="include\oscpack\ip\win32\NetworkingUtils.cpp">
      <Filter>Source Files</Filter>
    </ClCompile>
    <ClCompile Include="include\oscpack\ip\win32\UdpSocket.cpp">
      <Filter>Source Files</Filter>
    </ClCompile>
    <ClCompile Include="include\oscpack\ip\IpEndpointName.cpp">
      <Filter>Source Files</Filter>
    </ClCompile>
    <ClCompile Include="include\oscpack\osc\OscOutboundPacketStream.cpp">
      <Filter>Source Files</Filter>
    </ClCompile>
    <ClCompile Include="include\oscpack\osc\OscPrintReceivedElements.cpp">
      <Filter>Source Files</Filter>
    </ClCompile>
    <ClCompile Include="include\oscpack\osc\OscReceivedElements.cpp">
      <Filter>Source Files</Filter>
    </ClCompile>
    <ClCompile Include="include\oscpack\osc\OscTypes.cpp">
      <Filter>Source Files</Filter>
    </ClCompile>
    <ClCompile Include="include\TUIO\TuioClient.cpp">
      <Filter>Source Files</Filter>
    </ClCompile>
    <ClCompile Include="include\TUIO\TuioServer.cpp">
      <Filter>Source Files</Filter>
    </ClCompile>
    <ClCompile Include="include\TUIO\TuioTime.cpp">
      <Filter>Source Files</Filter>
    </ClCompile>
    <ClCompile Include="ransacfit.cpp">
      <Filter>Source Files</Filter>
    </ClCompile>
    <ClCompile Include="cvimagewidgetgl.cpp">
      <Filter>Source Files</Filter>
    </ClCompile>
    <ClCompile Include="GeneratedFiles\Debug\moc_cvimagewidgetgl.cpp">
      <Filter>Generated Files\Debug</Filter>
    </ClCompile>
    <ClCompile Include="GeneratedFiles\Release\moc_cvimagewidgetgl.cpp">
      <Filter>Generated Files\Release</Filter>
    </ClCompile>
    <ClCompile Include="mainwindow.cpp">
      <Filter>Source Files</Filter>
    </ClCompile>
    <ClCompile Include="GeneratedFiles\Debug\moc_mainwindow.cpp">
      <Filter>Generated Files\Debug</Filter>
    </ClCompile>
    <ClCompile Include="GeneratedFiles\Release\moc_mainwindow.cpp">
      <Filter>Generated Files\Release</Filter>
    </ClCompile>
    <ClCompile Include="qxtspanslider.cpp">
      <Filter>Source Files</Filter>
    </ClCompile>
    <ClCompile Include="qxtglobal.cpp">
      <Filter>Source Files</Filter>
    </ClCompile>
    <ClCompile Include="GeneratedFiles\Debug\moc_qxtspanslider_p.cpp">
      <Filter>Generated Files\Debug</Filter>
    </ClCompile>
    <ClCompile Include="GeneratedFiles\Release\moc_qxtspanslider_p.cpp">
      <Filter>Generated Files\Release</Filter>
    </ClCompile>
    <ClCompile Include="GeneratedFiles\Debug\moc_qxtspanslider.cpp">
      <Filter>Generated Files\Debug</Filter>
    </ClCompile>
    <ClCompile Include="GeneratedFiles\Release\moc_qxtspanslider.cpp">
      <Filter>Generated Files\Release</Filter>
    </ClCompile>
  </ItemGroup>
  <ItemGroup>
    <CustomBuild Include="cvimagewidgetgl.h">
      <Filter>Header Files</Filter>
    </CustomBuild>
    <CustomBuild Include="mainwindow.h">
      <Filter>Header Files</Filter>
    </CustomBuild>
    <CustomBuild Include="mainwindow.ui">
      <Filter>Form Files</Filter>
    </CustomBuild>
    <CustomBuild Include="qxtspanslider_p.h">
      <Filter>Header Files</Filter>
    </CustomBuild>
    <CustomBuild Include="qxtspanslider.h">
      <Filter>Header Files</Filter>
    </CustomBuild>
  </ItemGroup>
</Project>